
Microsoft Visual Studio Solution File, Format Version 12.00
# Visual Studio Version 17
VisualStudioVersion = 17.12.35527.113 d17.12
MinimumVisualStudioVersion = 10.0.40219.1
Project("{FAE04EC0-301F-11D3-BF4B-00C04F79EFBC}") = "SKVS.Server", "SKVS.Server\SKVS.Server.csproj", "{C2A90D33-E1B1-4AAC-AE02-563D8B151514}"
EndProject
Project("{54A90642-561A-4BB1-A94E-469ADEE60C69}") = "skvs.client", "skvs.client\skvs.client.esproj", "{CEB78857-FDC2-45CD-A419-4C8508413A47}"
EndProject
Global
	GlobalSection(SolutionConfigurationPlatforms) = preSolution
		Debug|Any CPU = Debug|Any CPU
		Release|Any CPU = Release|Any CPU
	EndGlobalSection
	GlobalSection(ProjectConfigurationPlatforms) = postSolution
		{C2A90D33-E1B1-4AAC-AE02-563D8B151514}.Debug|Any CPU.ActiveCfg = Debug|Any CPU
		{C2A90D33-E1B1-4AAC-AE02-563D8B151514}.Debug|Any CPU.Build.0 = Debug|Any CPU
		{C2A90D33-E1B1-4AAC-AE02-563D8B151514}.Release|Any CPU.ActiveCfg = Release|Any CPU
		{C2A90D33-E1B1-4AAC-AE02-563D8B151514}.Release|Any CPU.Build.0 = Release|Any CPU
		{CEB78857-FDC2-45CD-A419-4C8508413A47}.Debug|Any CPU.ActiveCfg = Debug|Any CPU
		{CEB78857-FDC2-45CD-A419-4C8508413A47}.Debug|Any CPU.Build.0 = Debug|Any CPU
		{CEB78857-FDC2-45CD-A419-4C8508413A47}.Debug|Any CPU.Deploy.0 = Debug|Any CPU
		{CEB78857-FDC2-45CD-A419-4C8508413A47}.Release|Any CPU.ActiveCfg = Release|Any CPU
		{CEB78857-FDC2-45CD-A419-4C8508413A47}.Release|Any CPU.Build.0 = Release|Any CPU
		{CEB78857-FDC2-45CD-A419-4C8508413A47}.Release|Any CPU.Deploy.0 = Release|Any CPU
	EndGlobalSection
	GlobalSection(SolutionProperties) = preSolution
		HideSolutionNode = FALSE
	EndGlobalSection
EndGlobal
